
Microsoft Visual Studio Solution File, Format Version 12.00
# Visual Studio Version 17
VisualStudioVersion = 17.3.32819.101
MinimumVisualStudioVersion = 10.0.40219.1
Project("{9A19103F-16F7-4668-BE54-9A1E7A4F7556}") = "Extension", "Extension.csproj", "{31BE655A-0CC5-48BA-8670-265ABFD26080}"
EndProject
Global
	GlobalSection(SolutionConfigurationPlatforms) = preSolution
		Debug|Any CPU = Debug|Any CPU
		Release|Any CPU = Release|Any CPU
	EndGlobalSection
	GlobalSection(ProjectConfigurationPlatforms) = postSolution
		{31BE655A-0CC5-48BA-8670-265ABFD26080}.Debug|Any CPU.ActiveCfg = Debug|Any CPU
		{31BE655A-0CC5-48BA-8670-265ABFD26080}.Debug|Any CPU.Build.0 = Debug|Any CPU
		{31BE655A-0CC5-48BA-8670-265ABFD26080}.Release|Any CPU.ActiveCfg = Release|Any CPU
		{31BE655A-0CC5-48BA-8670-265ABFD26080}.Release|Any CPU.Build.0 = Release|Any CPU
	EndGlobalSection
	GlobalSection(SolutionProperties) = preSolution
		HideSolutionNode = FALSE
	EndGlobalSection
	GlobalSection(ExtensibilityGlobals) = postSolution
		SolutionGuid = {5C7E3A4C-1BA6-4DC3-87E1-CB9115E8A4C7}
	EndGlobalSection
EndGlobal
